
Microsoft Visual Studio Solution File, Format Version 12.00
# Visual Studio Version 17
VisualStudioVersion = 17.14.36109.1 d17.14
MinimumVisualStudioVersion = 10.0.40219.1
Project("{FAE04EC0-301F-11D3-BF4B-00C04F79EFBC}") = "DrugUsePreventionAPI", "DrugUsePreventionAPI\DrugUsePreventionAPI.csproj", "{C20B22C8-92B2-4C19-8629-D4EE60FA019C}"
EndProject
Global
	GlobalSection(SolutionConfigurationPlatforms) = preSolution
		Debug|Any CPU = Debug|Any CPU
		Release|Any CPU = Release|Any CPU
	EndGlobalSection
	GlobalSection(ProjectConfigurationPlatforms) = postSolution
		{C20B22C8-92B2-4C19-8629-D4EE60FA019C}.Debug|Any CPU.ActiveCfg = Debug|Any CPU
		{C20B22C8-92B2-4C19-8629-D4EE60FA019C}.Debug|Any CPU.Build.0 = Debug|Any CPU
		{C20B22C8-92B2-4C19-8629-D4EE60FA019C}.Release|Any CPU.ActiveCfg = Release|Any CPU
		{C20B22C8-92B2-4C19-8629-D4EE60FA019C}.Release|Any CPU.Build.0 = Release|Any CPU
	EndGlobalSection
	GlobalSection(SolutionProperties) = preSolution
		HideSolutionNode = FALSE
	EndGlobalSection
	GlobalSection(ExtensibilityGlobals) = postSolution
		SolutionGuid = {2602B473-120B-49D4-8C56-A0ADA324ADB7}
	EndGlobalSection
EndGlobal
